
Microsoft Visual Studio Solution File, Format Version 12.00
# Visual Studio Version 17
VisualStudioVersion = 17.14.36915.13
MinimumVisualStudioVersion = 10.0.40219.1
Project("{FAE04EC0-301F-11D3-BF4B-00C04F79EFBC}") = "IT15_INATO_POS", "IT15_INATO_POS\IT15_INATO_POS.csproj", "{16534440-072D-4B14-AFB3-06E8F87EC2C5}"
EndProject
Global
	GlobalSection(SolutionConfigurationPlatforms) = preSolution
		Debug|Any CPU = Debug|Any CPU
		Release|Any CPU = Release|Any CPU
	EndGlobalSection
	GlobalSection(ProjectConfigurationPlatforms) = postSolution
		{16534440-072D-4B14-AFB3-06E8F87EC2C5}.Debug|Any CPU.ActiveCfg = Debug|Any CPU
		{16534440-072D-4B14-AFB3-06E8F87EC2C5}.Debug|Any CPU.Build.0 = Debug|Any CPU
		{16534440-072D-4B14-AFB3-06E8F87EC2C5}.Release|Any CPU.ActiveCfg = Release|Any CPU
		{16534440-072D-4B14-AFB3-06E8F87EC2C5}.Release|Any CPU.Build.0 = Release|Any CPU
	EndGlobalSection
	GlobalSection(SolutionProperties) = preSolution
		HideSolutionNode = FALSE
	EndGlobalSection
	GlobalSection(ExtensibilityGlobals) = postSolution
		SolutionGuid = {A28F5CB0-15E8-4F30-ADC5-B2D9C15E0D30}
	EndGlobalSection
EndGlobal
